github.com/dependabot-fixtures/go-modules-private v0.0.2-0.20210810060509-69d966798b9c h1:B9S4X8PgkAYyBoQKJNSWe1R/OFJRMJMGxpIPBG8QM1U=
github.com/dependabot-fixtures/go-modules-private v0.0.2-0.20210810060509-69d966798b9c/go.mod h1:jnHGqU8zbsBkDWteCic36yWdpPF3EpBItjVGtGvQrzs=
github.com/dependabot-fixtures/go-modules-private-pseudo-dependency v0.0.1 h1:KrzYGtkc+Z/CJ2CDVQRj7cQ6g98GRQYEmZDso4kc4RA=
github.com/dependabot-fixtures/go-modules-private-pseudo-dependency v0.0.1/go.mod h1:OCwYQJXXHvu63aEAennvpZV/dFkBvGCe1dod8VdSkAo=
